
Microsoft Visual Studio Solution File, Format Version 12.00
# Visual Studio 14
VisualStudioVersion = 14.0.25420.1
MinimumVisualStudioVersion = 10.0.40219.1
Project("{FAE04EC0-301F-11D3-BF4B-00C04F79EFBC}") = "Eron.web", "Eron.web\Eron.web.csproj", "{9977AFD3-8A58-47A4-90FE-EF05DF10DD20}"
EndProject
Project("{FAE04EC0-301F-11D3-BF4B-00C04F79EFBC}") = "Eron.core", "Eron.core\Eron.core.csproj", "{E3D36E1A-E5DA-4E05-B62B-E54E9DC71954}"
EndProject
Project("{FAE04EC0-301F-11D3-BF4B-00C04F79EFBC}") = "Eron.web.Test", "Ero.web.Test\Eron.web.Test.csproj", "{13E5EFDF-611D-48D1-A5D8-0D36E9CFB2B4}"
EndProject
Project("{FAE04EC0-301F-11D3-BF4B-00C04F79EFBC}") = "Eron.service", "Eron.service\Eron.service.csproj", "{50D2F92B-B667-47E6-9DE7-15DC30F5B56B}"
EndProject
Project("{FAE04EC0-301F-11D3-BF4B-00C04F79EFBC}") = "Eron.webApi", "Eron.webApi\Eron.webApi.csproj", "{E1DEAA47-F600-4070-9A4F-24C27D1B141B}"
EndProject
Project("{FAE04EC0-301F-11D3-BF4B-00C04F79EFBC}") = "Eron.webApi.Tests", "Eron.webApi.Tests\Eron.webApi.Tests.csproj", "{4521BE77-3CDA-488E-94F1-02CE9B9FFD50}"
EndProject
Global
	GlobalSection(SolutionConfigurationPlatforms) = preSolution
		Debug|Any CPU = Debug|Any CPU
		Release|Any CPU = Release|Any CPU
	EndGlobalSection
	GlobalSection(ProjectConfigurationPlatforms) = postSolution
		{9977AFD3-8A58-47A4-90FE-EF05DF10DD20}.Debug|Any CPU.ActiveCfg = Debug|Any CPU
		{9977AFD3-8A58-47A4-90FE-EF05DF10DD20}.Debug|Any CPU.Build.0 = Debug|Any CPU
		{9977AFD3-8A58-47A4-90FE-EF05DF10DD20}.Release|Any CPU.ActiveCfg = Release|Any CPU
		{9977AFD3-8A58-47A4-90FE-EF05DF10DD20}.Release|Any CPU.Build.0 = Release|Any CPU
		{E3D36E1A-E5DA-4E05-B62B-E54E9DC71954}.Debug|Any CPU.ActiveCfg = Debug|Any CPU
		{E3D36E1A-E5DA-4E05-B62B-E54E9DC71954}.Debug|Any CPU.Build.0 = Debug|Any CPU
		{E3D36E1A-E5DA-4E05-B62B-E54E9DC71954}.Release|Any CPU.ActiveCfg = Release|Any CPU
		{E3D36E1A-E5DA-4E05-B62B-E54E9DC71954}.Release|Any CPU.Build.0 = Release|Any CPU
		{13E5EFDF-611D-48D1-A5D8-0D36E9CFB2B4}.Debug|Any CPU.ActiveCfg = Debug|Any CPU
		{13E5EFDF-611D-48D1-A5D8-0D36E9CFB2B4}.Debug|Any CPU.Build.0 = Debug|Any CPU
		{13E5EFDF-611D-48D1-A5D8-0D36E9CFB2B4}.Release|Any CPU.ActiveCfg = Release|Any CPU
		{13E5EFDF-611D-48D1-A5D8-0D36E9CFB2B4}.Release|Any CPU.Build.0 = Release|Any CPU
		{50D2F92B-B667-47E6-9DE7-15DC30F5B56B}.Debug|Any CPU.ActiveCfg = Debug|Any CPU
		{50D2F92B-B667-47E6-9DE7-15DC30F5B56B}.Debug|Any CPU.Build.0 = Debug|Any CPU
		{50D2F92B-B667-47E6-9DE7-15DC30F5B56B}.Release|Any CPU.ActiveCfg = Release|Any CPU
		{50D2F92B-B667-47E6-9DE7-15DC30F5B56B}.Release|Any CPU.Build.0 = Release|Any CPU
		{E1DEAA47-F600-4070-9A4F-24C27D1B141B}.Debug|Any CPU.ActiveCfg = Debug|Any CPU
		{E1DEAA47-F600-4070-9A4F-24C27D1B141B}.Debug|Any CPU.Build.0 = Debug|Any CPU
		{E1DEAA47-F600-4070-9A4F-24C27D1B141B}.Release|Any CPU.ActiveCfg = Release|Any CPU
		{E1DEAA47-F600-4070-9A4F-24C27D1B141B}.Release|Any CPU.Build.0 = Release|Any CPU
		{4521BE77-3CDA-488E-94F1-02CE9B9FFD50}.Debug|Any CPU.ActiveCfg = Debug|Any CPU
		{4521BE77-3CDA-488E-94F1-02CE9B9FFD50}.Debug|Any CPU.Build.0 = Debug|Any CPU
		{4521BE77-3CDA-488E-94F1-02CE9B9FFD50}.Release|Any CPU.ActiveCfg = Release|Any CPU
		{4521BE77-3CDA-488E-94F1-02CE9B9FFD50}.Release|Any CPU.Build.0 = Release|Any CPU
	EndGlobalSection
	GlobalSection(SolutionProperties) = preSolution
		HideSolutionNode = FALSE
	EndGlobalSection
EndGlobal
